<?xml version="1.0" encoding="utf-8"?>
<Project ToolsVersion="4.0" xmlns="http://schemas.microsoft.com/developer/msbuild/2003">
  <ItemGroup>
    <Filter Include="App">
      <UniqueIdentifier>{2f6c9640-54a3-484d-b6d1-d9f335961333}</UniqueIdentifier>
    </Filter>
    <Filter Include="GameEngine">
      <UniqueIdentifier>{20e61b47-6105-41f3-bca1-72647226473d}</UniqueIdentifier>
    </Filter>
    <Filter Include="GameEngine\WindowingSystem">
      <UniqueIdentifier>{31c5be3c-ac4c-4265-9d7e-58d4f7aa4558}</UniqueIdentifier>
    </Filter>
    <Filter Include="GameEngine\GraphicsEngine">
      <UniqueIdentifier>{154b9570-2bad-469d-8e8b-405cd6636790}</UniqueIdentifier>
    </Filter>
    <Filter Include="GameEngine\GraphicsEngine\SwapChain">
      <UniqueIdentifier>{4ac17f8d-b430-4010-824d-72ceb274ec06}</UniqueIdentifier>
    </Filter>
    <Filter Include="GameEngine\GraphicsEngine\DeviceContext">
      <UniqueIdentifier>{3556298a-1e2c-477b-acfb-0e88198fce1f}</UniqueIdentifier>
    </Filter>
    <Filter Include="GameEngine\GraphicsEngine\VertexBuffer">
      <UniqueIdentifier>{7964c222-32e1-42fe-89ea-d320394e0611}</UniqueIdentifier>
    </Filter>
    <Filter Include="GameEngine\GraphicsEngine\VertexShader">
      <UniqueIdentifier>{1fdc78f2-6801-451d-b139-7122c4897a20}</UniqueIdentifier>
    </Filter>
    <Filter Include="GameEngine\GraphicsEngine\PixelShader">
      <UniqueIdentifier>{80e400aa-dbe0-4e6d-bcbf-9cba0612eb0a}</UniqueIdentifier>
    </Filter>
    <Filter Include="App\GameObjects">
      <UniqueIdentifier>{efd294fc-4a06-4714-a320-f18243e62a3b}</UniqueIdentifier>
    </Filter>
    <Filter Include="App\GameObjects\Quad">
      <UniqueIdentifier>{e87dbee9-5ccf-4b99-9708-44e7a535bd56}</UniqueIdentifier>
    </Filter>
    <Filter Include="GameEngine\GraphicsEngine\ConstantBuffer">
      <UniqueIdentifier>{2944137e-871e-477e-98b9-69b8f19ac886}</UniqueIdentifier>
    </Filter>
    <Filter Include="GameEngine\GraphicsEngine\Viewport">
      <UniqueIdentifier>{094d8b1c-3d1d-4cb0-8d61-f38f4c054f24}</UniqueIdentifier>
    </Filter>
    <Filter Include="App\GameObjects\Cube">
      <UniqueIdentifier>{fbd6c00f-6bf1-422f-b2c6-033bdda412b6}</UniqueIdentifier>
    </Filter>
    <Filter Include="GameEngine\TimeSystem">
      <UniqueIdentifier>{5b069f66-58e7-4b15-a736-816846cebee1}</UniqueIdentifier>
    </Filter>
    <Filter Include="GameEngine\Math">
      <UniqueIdentifier>{fd555ae8-c67e-4a45-9f99-113ed4adbda9}</UniqueIdentifier>
    </Filter>
    <Filter Include="GameEngine\GraphicsEngine\IndexBuffer">
      <UniqueIdentifier>{38e5b8ee-4ef4-41c4-9666-93bcc042d516}</UniqueIdentifier>
    </Filter>
    <Filter Include="GameEngine\GraphicsEngine\RasterizerState">
      <UniqueIdentifier>{56eeedac-8305-4c67-8611-9749e1464ad6}</UniqueIdentifier>
    </Filter>
  </ItemGroup>
  <ItemGroup>
    <ClCompile Include="main.cpp">
      <Filter>App</Filter>
    </ClCompile>
    <ClCompile Include="AppWindow.cpp">
      <Filter>App</Filter>
    </ClCompile>
    <ClCompile Include="Window.cpp">
      <Filter>GameEngine\WindowingSystem</Filter>
    </ClCompile>
    <ClCompile Include="GraphicsEngine.cpp">
      <Filter>GameEngine\GraphicsEngine</Filter>
    </ClCompile>
    <ClCompile Include="SwapChain.cpp">
      <Filter>GameEngine\GraphicsEngine\SwapChain</Filter>
    </ClCompile>
    <ClCompile Include="DeviceContext.cpp">
      <Filter>GameEngine\GraphicsEngine\DeviceContext</Filter>
    </ClCompile>
    <ClCompile Include="VertexBuffer.cpp">
      <Filter>GameEngine\GraphicsEngine\VertexBuffer</Filter>
    </ClCompile>
    <ClCompile Include="VertexShader.cpp">
      <Filter>GameEngine\GraphicsEngine\VertexShader</Filter>
    </ClCompile>
    <ClCompile Include="PixelShader.cpp">
      <Filter>GameEngine\GraphicsEngine\PixelShader</Filter>
    </ClCompile>
    <ClCompile Include="GameObject.cpp">
      <Filter>App\GameObjects</Filter>
    </ClCompile>
    <ClCompile Include="Quad.cpp">
      <Filter>App\GameObjects\Quad</Filter>
    </ClCompile>
    <ClCompile Include="ConstantBuffer.cpp">
      <Filter>GameEngine\GraphicsEngine\ConstantBuffer</Filter>
    </ClCompile>
    <ClCompile Include="Viewport.cpp">
      <Filter>GameEngine\GraphicsEngine\Viewport</Filter>
    </ClCompile>
    <ClCompile Include="RasterizerState.cpp">
      <Filter>GameEngine\GraphicsEngine\RasterizerState</Filter>
    </ClCompile>
    <ClCompile Include="Cube.cpp">
      <Filter>App\GameObjects\Cube</Filter>
    </ClCompile>
    <ClCompile Include="EngineTime.cpp">
      <Filter>GameEngine\TimeSystem</Filter>
    </ClCompile>
    <ClCompile Include="IndexBuffer.cpp">
      <Filter>GameEngine\GraphicsEngine\IndexBuffer</Filter>
    </ClCompile>
  </ItemGroup>
  <ItemGroup>
    <ClInclude Include="AppWindow.h">
      <Filter>App</Filter>
    </ClInclude>
    <ClInclude Include="Window.h">
      <Filter>GameEngine\WindowingSystem</Filter>
    </ClInclude>
    <ClInclude Include="GraphicsEngine.h">
      <Filter>GameEngine\GraphicsEngine</Filter>
    </ClInclude>
    <ClInclude Include="SwapChain.h">
      <Filter>GameEngine\GraphicsEngine\SwapChain</Filter>
    </ClInclude>
    <ClInclude Include="DeviceContext.h">
      <Filter>GameEngine\GraphicsEngine\DeviceContext</Filter>
    </ClInclude>
    <ClInclude Include="VertexBuffer.h">
      <Filter>GameEngine\GraphicsEngine\VertexBuffer</Filter>
    </ClInclude>
    <ClInclude Include="VertexShader.h">
      <Filter>GameEngine\GraphicsEngine\VertexShader</Filter>
    </ClInclude>
    <ClInclude Include="PixelShader.h">
      <Filter>GameEngine\GraphicsEngine\PixelShader</Filter>
    </ClInclude>
    <ClInclude Include="GameObject.h">
      <Filter>App\GameObjects</Filter>
    </ClInclude>
    <ClInclude Include="Quad.h">
      <Filter>App\GameObjects\Quad</Filter>
    </ClInclude>
    <ClInclude Include="ConstantBuffer.h">
      <Filter>GameEngine\GraphicsEngine\ConstantBuffer</Filter>
    </ClInclude>
    <ClInclude Include="Viewport.h">
      <Filter>GameEngine\GraphicsEngine\Viewport</Filter>
    </ClInclude>
    <ClInclude Include="RasterizerState.h">
      <Filter>GameEngine\GraphicsEngine\RasterizerState</Filter>
    </ClInclude>
    <ClInclude Include="Cube.h">
      <Filter>App\GameObjects\Cube</Filter>
    </ClInclude>
    <ClInclude Include="EngineTime.h">
      <Filter>GameEngine\TimeSystem</Filter>
    </ClInclude>
    <ClInclude Include="Matrix4x4.h">
      <Filter>GameEngine\Math</Filter>
    </ClInclude>
    <ClInclude Include="Vector3D.h">
      <Filter>GameEngine\Math</Filter>
    </ClInclude>
    <ClInclude Include="IndexBuffer.h">
      <Filter>GameEngine\GraphicsEngine\IndexBuffer</Filter>
    </ClInclude>
  </ItemGroup>
  <ItemGroup>
    <FxCompile Include="VertexShader.hlsl">
      <Filter>App</Filter>
    </FxCompile>
    <FxCompile Include="PixelShader.hlsl">
      <Filter>App</Filter>
    </FxCompile>
  </ItemGroup>
</Project>