<?xml version="1.0" encoding="utf-8"?>
<Project ToolsVersion="4.0" xmlns="http://schemas.microsoft.com/developer/msbuild/2003">
  <ItemGroup>
    <Filter Include="App">
      <UniqueIdentifier>{2f6c9640-54a3-484d-b6d1-d9f335961333}</UniqueIdentifier>
    </Filter>
    <Filter Include="GameEngine">
      <UniqueIdentifier>{20e61b47-6105-41f3-bca1-72647226473d}</UniqueIdentifier>
    </Filter>
    <Filter Include="GameEngine\WindowingSystem">
      <UniqueIdentifier>{31c5be3c-ac4c-4265-9d7e-58d4f7aa4558}</UniqueIdentifier>
    </Filter>
    <Filter Include="GameEngine\GraphicsEngine">
      <UniqueIdentifier>{154b9570-2bad-469d-8e8b-405cd6636790}</UniqueIdentifier>
    </Filter>
    <Filter Include="GameEngine\TimeSystem">
      <UniqueIdentifier>{5b069f66-58e7-4b15-a736-816846cebee1}</UniqueIdentifier>
    </Filter>
    <Filter Include="GameEngine\Math">
      <UniqueIdentifier>{fd555ae8-c67e-4a45-9f99-113ed4adbda9}</UniqueIdentifier>
    </Filter>
    <Filter Include="GameEngine\InputSystem">
      <UniqueIdentifier>{c81437c2-dd4c-40ce-bcf4-391a4b46439c}</UniqueIdentifier>
    </Filter>
    <Filter Include="GameEngine\Random">
      <UniqueIdentifier>{2fb7c529-6760-456c-bf67-5f373aa9f3ca}</UniqueIdentifier>
    </Filter>
    <Filter Include="GameEngine\Hierarchy">
      <UniqueIdentifier>{9b65c35c-fc83-4854-80fb-8ccd42bb1d34}</UniqueIdentifier>
    </Filter>
    <Filter Include="GameEngine\Primitives">
      <UniqueIdentifier>{efd294fc-4a06-4714-a320-f18243e62a3b}</UniqueIdentifier>
    </Filter>
    <Filter Include="GameEngine\Primitives\Circle">
      <UniqueIdentifier>{4146831e-8052-4d8c-9d36-158624c3952c}</UniqueIdentifier>
    </Filter>
    <Filter Include="GameEngine\Primitives\Cube">
      <UniqueIdentifier>{fbd6c00f-6bf1-422f-b2c6-033bdda412b6}</UniqueIdentifier>
    </Filter>
    <Filter Include="GameEngine\Primitives\Plane">
      <UniqueIdentifier>{fcb2f4b6-6dec-4895-9ca4-3031911e8a47}</UniqueIdentifier>
    </Filter>
    <Filter Include="GameEngine\Primitives\Border">
      <UniqueIdentifier>{c9f36f8a-6b73-41c9-b745-dffecefc8f37}</UniqueIdentifier>
    </Filter>
    <Filter Include="GameEngine\Shaders">
      <UniqueIdentifier>{9576ad71-5c72-4e0d-a62c-2c31d54ceae5}</UniqueIdentifier>
    </Filter>
    <Filter Include="GameEngine\Debug">
      <UniqueIdentifier>{87477da3-eeb6-491f-a340-47036d83edba}</UniqueIdentifier>
    </Filter>
    <Filter Include="GameEngine\GraphicsEngine\RenderSystem">
      <UniqueIdentifier>{c45c8ce6-022e-43d6-b2e1-a09a70159eed}</UniqueIdentifier>
    </Filter>
    <Filter Include="GameEngine\GraphicsEngine\RenderSystem\ConstantBuffer">
      <UniqueIdentifier>{2944137e-871e-477e-98b9-69b8f19ac886}</UniqueIdentifier>
    </Filter>
    <Filter Include="GameEngine\GraphicsEngine\RenderSystem\DeviceContext">
      <UniqueIdentifier>{3556298a-1e2c-477b-acfb-0e88198fce1f}</UniqueIdentifier>
    </Filter>
    <Filter Include="GameEngine\GraphicsEngine\RenderSystem\IndexBuffer">
      <UniqueIdentifier>{38e5b8ee-4ef4-41c4-9666-93bcc042d516}</UniqueIdentifier>
    </Filter>
    <Filter Include="GameEngine\GraphicsEngine\RenderSystem\PixelShader">
      <UniqueIdentifier>{80e400aa-dbe0-4e6d-bcbf-9cba0612eb0a}</UniqueIdentifier>
    </Filter>
    <Filter Include="GameEngine\GraphicsEngine\RenderSystem\RasterizerState">
      <UniqueIdentifier>{56eeedac-8305-4c67-8611-9749e1464ad6}</UniqueIdentifier>
    </Filter>
    <Filter Include="GameEngine\GraphicsEngine\RenderSystem\SwapChain">
      <UniqueIdentifier>{4ac17f8d-b430-4010-824d-72ceb274ec06}</UniqueIdentifier>
    </Filter>
    <Filter Include="GameEngine\GraphicsEngine\RenderSystem\VertexShader">
      <UniqueIdentifier>{1fdc78f2-6801-451d-b139-7122c4897a20}</UniqueIdentifier>
    </Filter>
    <Filter Include="GameEngine\GraphicsEngine\RenderSystem\Viewport">
      <UniqueIdentifier>{094d8b1c-3d1d-4cb0-8d61-f38f4c054f24}</UniqueIdentifier>
    </Filter>
    <Filter Include="Editor">
      <UniqueIdentifier>{d4f80909-b799-4a6b-8b0e-7952965aae8d}</UniqueIdentifier>
    </Filter>
    <Filter Include="IMGUI">
      <UniqueIdentifier>{924b6411-481f-4f56-93fe-f06f9406d828}</UniqueIdentifier>
    </Filter>
    <Filter Include="Editor\Screens">
      <UniqueIdentifier>{cabee398-bdfa-4116-b117-1990c30796a7}</UniqueIdentifier>
    </Filter>
    <Filter Include="GameEngine\GraphicsEngine\ResourceManager">
      <UniqueIdentifier>{aa2bd667-08a9-4a22-846d-e8fd7e4d3b89}</UniqueIdentifier>
    </Filter>
    <Filter Include="GameEngine\GraphicsEngine\ResourceManager\TextureManager">
      <UniqueIdentifier>{c1648d2a-3294-44ef-881b-9e42413f9114}</UniqueIdentifier>
    </Filter>
    <Filter Include="GameEngine\Camera">
      <UniqueIdentifier>{a60bd3a4-d532-4327-b5b4-4d6d1e113cb0}</UniqueIdentifier>
    </Filter>
    <Filter Include="GameEngine\Camera\CustomCameras">
      <UniqueIdentifier>{3afbf534-0f89-45f4-9168-0cd1d51047bb}</UniqueIdentifier>
    </Filter>
    <Filter Include="GameEngine\GraphicsEngine\RenderSystem\VertexBuffer">
      <UniqueIdentifier>{7964c222-32e1-42fe-89ea-d320394e0611}</UniqueIdentifier>
    </Filter>
    <Filter Include="Editor\Screens\Viewport">
      <UniqueIdentifier>{4377089f-e82f-4b1b-85dc-07cdc36c42dd}</UniqueIdentifier>
    </Filter>
    <Filter Include="GameEngine\Primitives\TexturedCube">
      <UniqueIdentifier>{610b1cce-4416-43a7-be11-19e49bbe92e0}</UniqueIdentifier>
    </Filter>
    <Filter Include="GameEngine\GraphicsEngine\ShaderLibrary">
      <UniqueIdentifier>{e07960d7-e1af-4ded-a568-e0e371f34197}</UniqueIdentifier>
    </Filter>
    <Filter Include="GameEngine\GraphicsEngine\ResourceManager\MeshManager">
      <UniqueIdentifier>{415520e1-0b08-45d4-8e66-1aedc781740e}</UniqueIdentifier>
    </Filter>
    <Filter Include="GameEngine\ComponentSystem">
      <UniqueIdentifier>{2be07752-b170-4496-86dd-762ec2c2518c}</UniqueIdentifier>
    </Filter>
    <Filter Include="GameEngine\ComponentSystem\PhysicsSystem">
      <UniqueIdentifier>{b52907f7-0d2f-4b69-b8fa-fada23dde020}</UniqueIdentifier>
    </Filter>
    <Filter Include="GameEngine\Primitives\Quad">
      <UniqueIdentifier>{6fc7811b-7d6e-4569-b6e8-5c4970c14ae8}</UniqueIdentifier>
    </Filter>
    <Filter Include="GameEngine\Primitives\MeshObject">
      <UniqueIdentifier>{45672926-284e-4317-bc4c-784bed0829c8}</UniqueIdentifier>
    </Filter>
    <Filter Include="GameEngine\Primitives\MeshObject\Teapot">
      <UniqueIdentifier>{abd180ed-39af-464b-a9ca-745fc3f64e86}</UniqueIdentifier>
    </Filter>
    <Filter Include="GameEngine\Primitives\MeshObject\Armadillo">
      <UniqueIdentifier>{b446127e-b7bf-4ef0-aed6-e961cb85ec2d}</UniqueIdentifier>
    </Filter>
    <Filter Include="GameEngine\Primitives\MeshObject\Bunny">
      <UniqueIdentifier>{3c30fc1c-44d2-4730-ae10-81776573ccab}</UniqueIdentifier>
    </Filter>
    <Filter Include="GameEngine\Backend">
      <UniqueIdentifier>{4970389f-5716-4bf2-b16d-5c14be1509e2}</UniqueIdentifier>
    </Filter>
  </ItemGroup>
  <ItemGroup>
    <ClCompile Include="main.cpp">
      <Filter>App</Filter>
    </ClCompile>
    <ClCompile Include="AppWindow.cpp">
      <Filter>App</Filter>
    </ClCompile>
    <ClCompile Include="Window.cpp">
      <Filter>GameEngine\WindowingSystem</Filter>
    </ClCompile>
    <ClCompile Include="SwapChain.cpp">
      <Filter>GameEngine\GraphicsEngine\RenderSystem\SwapChain</Filter>
    </ClCompile>
    <ClCompile Include="DeviceContext.cpp">
      <Filter>GameEngine\GraphicsEngine\RenderSystem\DeviceContext</Filter>
    </ClCompile>
    <ClCompile Include="VertexBuffer.cpp">
      <Filter>GameEngine\GraphicsEngine\RenderSystem\VertexBuffer</Filter>
    </ClCompile>
    <ClCompile Include="VertexShader.cpp">
      <Filter>GameEngine\GraphicsEngine\RenderSystem\VertexShader</Filter>
    </ClCompile>
    <ClCompile Include="PixelShader.cpp">
      <Filter>GameEngine\GraphicsEngine\RenderSystem\PixelShader</Filter>
    </ClCompile>
    <ClCompile Include="ConstantBuffer.cpp">
      <Filter>GameEngine\GraphicsEngine\RenderSystem\ConstantBuffer</Filter>
    </ClCompile>
    <ClCompile Include="Viewport.cpp">
      <Filter>GameEngine\GraphicsEngine\RenderSystem\Viewport</Filter>
    </ClCompile>
    <ClCompile Include="RasterizerState.cpp">
      <Filter>GameEngine\GraphicsEngine\RenderSystem\RasterizerState</Filter>
    </ClCompile>
    <ClCompile Include="Cube.cpp">
      <Filter>GameEngine\Primitives\Cube</Filter>
    </ClCompile>
    <ClCompile Include="EngineTime.cpp">
      <Filter>GameEngine\TimeSystem</Filter>
    </ClCompile>
    <ClCompile Include="IndexBuffer.cpp">
      <Filter>GameEngine\GraphicsEngine\RenderSystem\IndexBuffer</Filter>
    </ClCompile>
    <ClCompile Include="InputSystem.cpp">
      <Filter>GameEngine\InputSystem</Filter>
    </ClCompile>
    <ClCompile Include="Quad.cpp">
      <Filter>GameEngine\Primitives\Quad</Filter>
    </ClCompile>
    <ClCompile Include="Circle.cpp">
      <Filter>GameEngine\Primitives\Circle</Filter>
    </ClCompile>
    <ClCompile Include="Random.cpp">
      <Filter>GameEngine\Random</Filter>
    </ClCompile>
    <ClCompile Include="Plane.cpp">
      <Filter>GameEngine\Primitives\Plane</Filter>
    </ClCompile>
    <ClCompile Include="Border.cpp">
      <Filter>GameEngine\Primitives\Border</Filter>
    </ClCompile>
    <ClCompile Include="Camera.cpp">
      <Filter>GameEngine\Camera</Filter>
    </ClCompile>
    <ClCompile Include="OrbitCamera.cpp">
      <Filter>GameEngine\Camera\CustomCameras</Filter>
    </ClCompile>
    <ClCompile Include="SceneCamera.cpp">
      <Filter>GameEngine\Camera\CustomCameras</Filter>
    </ClCompile>
    <ClCompile Include="GameObjectManager.cpp">
      <Filter>GameEngine\Hierarchy</Filter>
    </ClCompile>
    <ClCompile Include="RenderSystem.cpp">
      <Filter>GameEngine\GraphicsEngine\RenderSystem</Filter>
    </ClCompile>
    <ClCompile Include="GraphicsEngine.cpp">
      <Filter>GameEngine\GraphicsEngine</Filter>
    </ClCompile>
    <ClCompile Include="libs\imgui\imgui.cpp">
      <Filter>IMGUI</Filter>
    </ClCompile>
    <ClCompile Include="libs\imgui\imgui_demo.cpp">
      <Filter>IMGUI</Filter>
    </ClCompile>
    <ClCompile Include="libs\imgui\imgui_draw.cpp">
      <Filter>IMGUI</Filter>
    </ClCompile>
    <ClCompile Include="libs\imgui\backends\imgui_impl_dx11.cpp">
      <Filter>IMGUI</Filter>
    </ClCompile>
    <ClCompile Include="libs\imgui\backends\imgui_impl_win32.cpp">
      <Filter>IMGUI</Filter>
    </ClCompile>
    <ClCompile Include="libs\imgui\misc\cpp\imgui_stdlib.cpp">
      <Filter>IMGUI</Filter>
    </ClCompile>
    <ClCompile Include="libs\imgui\imgui_tables.cpp">
      <Filter>IMGUI</Filter>
    </ClCompile>
    <ClCompile Include="libs\imgui\imgui_widgets.cpp">
      <Filter>IMGUI</Filter>
    </ClCompile>
    <ClCompile Include="UIManager.cpp">
      <Filter>Editor</Filter>
    </ClCompile>
    <ClCompile Include="UIScreen.cpp">
      <Filter>Editor</Filter>
    </ClCompile>
    <ClCompile Include="ColorPickerScreen.cpp">
      <Filter>Editor\Screens</Filter>
    </ClCompile>
    <ClCompile Include="CreditsScreen.cpp">
      <Filter>Editor\Screens</Filter>
    </ClCompile>
    <ClCompile Include="HierarchyScreen.cpp">
      <Filter>Editor\Screens</Filter>
    </ClCompile>
    <ClCompile Include="InspectorScreen.cpp">
      <Filter>Editor\Screens</Filter>
    </ClCompile>
    <ClCompile Include="MenuScreen.cpp">
      <Filter>Editor\Screens</Filter>
    </ClCompile>
    <ClCompile Include="ProfilerScreen.cpp">
      <Filter>Editor\Screens</Filter>
    </ClCompile>
    <ClCompile Include="Resource.cpp">
      <Filter>GameEngine\GraphicsEngine\ResourceManager</Filter>
    </ClCompile>
    <ClCompile Include="ResourceManager.cpp">
      <Filter>GameEngine\GraphicsEngine\ResourceManager</Filter>
    </ClCompile>
    <ClCompile Include="Texture.cpp">
      <Filter>GameEngine\GraphicsEngine\ResourceManager\TextureManager</Filter>
    </ClCompile>
    <ClCompile Include="TextureManager.cpp">
      <Filter>GameEngine\GraphicsEngine\ResourceManager\TextureManager</Filter>
    </ClCompile>
    <ClCompile Include="CameraManager.cpp">
      <Filter>GameEngine\Camera</Filter>
    </ClCompile>
    <ClCompile Include="GameObject.cpp">
      <Filter>GameEngine\Hierarchy</Filter>
    </ClCompile>
    <ClCompile Include="RenderTexture.cpp">
      <Filter>GameEngine\GraphicsEngine\ResourceManager\TextureManager</Filter>
    </ClCompile>
    <ClCompile Include="ToolsScreen.cpp">
      <Filter>Editor\Screens</Filter>
    </ClCompile>
    <ClCompile Include="ViewportScreen.cpp">
      <Filter>Editor\Screens\Viewport</Filter>
    </ClCompile>
    <ClCompile Include="ViewportManager.cpp">
      <Filter>Editor\Screens\Viewport</Filter>
    </ClCompile>
    <ClCompile Include="TexturedCube.cpp">
      <Filter>GameEngine\Primitives\TexturedCube</Filter>
    </ClCompile>
    <ClCompile Include="TexturedVertexBuffer.cpp">
      <Filter>GameEngine\GraphicsEngine\RenderSystem\VertexBuffer</Filter>
    </ClCompile>
    <ClCompile Include="ShaderLibrary.cpp">
      <Filter>GameEngine\GraphicsEngine\ShaderLibrary</Filter>
    </ClCompile>
    <ClCompile Include="MeshManager.cpp">
      <Filter>GameEngine\GraphicsEngine\ResourceManager\MeshManager</Filter>
    </ClCompile>
    <ClCompile Include="Mesh.cpp">
      <Filter>GameEngine\GraphicsEngine\ResourceManager\MeshManager</Filter>
    </ClCompile>
    <ClCompile Include="Teapot.cpp">
      <Filter>GameEngine\Primitives\MeshObject\Teapot</Filter>
    </ClCompile>
    <ClCompile Include="Bunny.cpp">
      <Filter>GameEngine\Primitives\MeshObject\Bunny</Filter>
    </ClCompile>
    <ClCompile Include="Armadillo.cpp">
      <Filter>GameEngine\Primitives\MeshObject\Armadillo</Filter>
    </ClCompile>
    <ClCompile Include="BaseComponentSystem.cpp">
      <Filter>GameEngine\ComponentSystem</Filter>
    </ClCompile>
    <ClCompile Include="PhysicsComponent.cpp">
      <Filter>GameEngine\ComponentSystem\PhysicsSystem</Filter>
    </ClCompile>
    <ClCompile Include="AComponent.cpp">
      <Filter>GameEngine\ComponentSystem</Filter>
    </ClCompile>
    <ClCompile Include="PhysicsSystem.cpp">
      <Filter>GameEngine\ComponentSystem\PhysicsSystem</Filter>
    </ClCompile>
    <ClCompile Include="MeshObject.cpp">
      <Filter>GameEngine\Primitives\MeshObject</Filter>
    </ClCompile>
    <ClCompile Include="EngineBackend.cpp">
      <Filter>GameEngine\Backend</Filter>
    </ClCompile>
    <ClCompile Include="EditorAction.cpp">
      <Filter>GameEngine\Backend</Filter>
    </ClCompile>
    <ClCompile Include="ActionHistory.cpp">
      <Filter>GameEngine\Backend</Filter>
    </ClCompile>
    <ClCompile Include="PlaybackScreen.cpp">
      <Filter>Editor\Screens</Filter>
    </ClCompile>
  </ItemGroup>
  <ItemGroup>
    <ClInclude Include="AppWindow.h">
      <Filter>App</Filter>
    </ClInclude>
    <ClInclude Include="Window.h">
      <Filter>GameEngine\WindowingSystem</Filter>
    </ClInclude>
    <ClInclude Include="SwapChain.h">
      <Filter>GameEngine\GraphicsEngine\RenderSystem\SwapChain</Filter>
    </ClInclude>
    <ClInclude Include="DeviceContext.h">
      <Filter>GameEngine\GraphicsEngine\RenderSystem\DeviceContext</Filter>
    </ClInclude>
    <ClInclude Include="VertexBuffer.h">
      <Filter>GameEngine\GraphicsEngine\RenderSystem\VertexBuffer</Filter>
    </ClInclude>
    <ClInclude Include="VertexShader.h">
      <Filter>GameEngine\GraphicsEngine\RenderSystem\VertexShader</Filter>
    </ClInclude>
    <ClInclude Include="PixelShader.h">
      <Filter>GameEngine\GraphicsEngine\RenderSystem\PixelShader</Filter>
    </ClInclude>
    <ClInclude Include="ConstantBuffer.h">
      <Filter>GameEngine\GraphicsEngine\RenderSystem\ConstantBuffer</Filter>
    </ClInclude>
    <ClInclude Include="Viewport.h">
      <Filter>GameEngine\GraphicsEngine\RenderSystem\Viewport</Filter>
    </ClInclude>
    <ClInclude Include="RasterizerState.h">
      <Filter>GameEngine\GraphicsEngine\RenderSystem\RasterizerState</Filter>
    </ClInclude>
    <ClInclude Include="Cube.h">
      <Filter>GameEngine\Primitives\Cube</Filter>
    </ClInclude>
    <ClInclude Include="EngineTime.h">
      <Filter>GameEngine\TimeSystem</Filter>
    </ClInclude>
    <ClInclude Include="Matrix4x4.h">
      <Filter>GameEngine\Math</Filter>
    </ClInclude>
    <ClInclude Include="Vector3D.h">
      <Filter>GameEngine\Math</Filter>
    </ClInclude>
    <ClInclude Include="IndexBuffer.h">
      <Filter>GameEngine\GraphicsEngine\RenderSystem\IndexBuffer</Filter>
    </ClInclude>
    <ClInclude Include="InputSystem.h">
      <Filter>GameEngine\InputSystem</Filter>
    </ClInclude>
    <ClInclude Include="InputListener.h">
      <Filter>GameEngine\InputSystem</Filter>
    </ClInclude>
    <ClInclude Include="Quad.h">
      <Filter>GameEngine\Primitives\Quad</Filter>
    </ClInclude>
    <ClInclude Include="Circle.h">
      <Filter>GameEngine\Primitives\Circle</Filter>
    </ClInclude>
    <ClInclude Include="Random.h">
      <Filter>GameEngine\Random</Filter>
    </ClInclude>
    <ClInclude Include="Plane.h">
      <Filter>GameEngine\Primitives\Plane</Filter>
    </ClInclude>
    <ClInclude Include="Border.h">
      <Filter>GameEngine\Primitives\Border</Filter>
    </ClInclude>
    <ClInclude Include="Camera.h">
      <Filter>GameEngine\Camera</Filter>
    </ClInclude>
    <ClInclude Include="Vector2D.h">
      <Filter>GameEngine\Math</Filter>
    </ClInclude>
    <ClInclude Include="Vector4D.h">
      <Filter>GameEngine\Math</Filter>
    </ClInclude>
    <ClInclude Include="OrbitCamera.h">
      <Filter>GameEngine\Camera\CustomCameras</Filter>
    </ClInclude>
    <ClInclude Include="SceneCamera.h">
      <Filter>GameEngine\Camera\CustomCameras</Filter>
    </ClInclude>
    <ClInclude Include="GameObjectManager.h">
      <Filter>GameEngine\Hierarchy</Filter>
    </ClInclude>
    <ClInclude Include="Logger.h">
      <Filter>GameEngine\Debug</Filter>
    </ClInclude>
    <ClInclude Include="RenderSystem.h">
      <Filter>GameEngine\GraphicsEngine\RenderSystem</Filter>
    </ClInclude>
    <ClInclude Include="GraphicsEngine.h">
      <Filter>GameEngine\GraphicsEngine</Filter>
    </ClInclude>
    <ClInclude Include="Prerequisites.h">
      <Filter>GameEngine\GraphicsEngine</Filter>
    </ClInclude>
    <ClInclude Include="libs\imgui\imconfig.h">
      <Filter>IMGUI</Filter>
    </ClInclude>
    <ClInclude Include="libs\imgui\imgui.h">
      <Filter>IMGUI</Filter>
    </ClInclude>
    <ClInclude Include="libs\imgui\backends\imgui_impl_dx11.h">
      <Filter>IMGUI</Filter>
    </ClInclude>
    <ClInclude Include="libs\imgui\backends\imgui_impl_win32.h">
      <Filter>IMGUI</Filter>
    </ClInclude>
    <ClInclude Include="libs\imgui\imgui_internal.h">
      <Filter>IMGUI</Filter>
    </ClInclude>
    <ClInclude Include="libs\imgui\misc\cpp\imgui_stdlib.h">
      <Filter>IMGUI</Filter>
    </ClInclude>
    <ClInclude Include="libs\imgui\imstb_rectpack.h">
      <Filter>IMGUI</Filter>
    </ClInclude>
    <ClInclude Include="libs\imgui\imstb_textedit.h">
      <Filter>IMGUI</Filter>
    </ClInclude>
    <ClInclude Include="libs\imgui\imstb_truetype.h">
      <Filter>IMGUI</Filter>
    </ClInclude>
    <ClInclude Include="UIManager.h">
      <Filter>Editor</Filter>
    </ClInclude>
    <ClInclude Include="UIScreen.h">
      <Filter>Editor</Filter>
    </ClInclude>
    <ClInclude Include="ColorPickerScreen.h">
      <Filter>Editor\Screens</Filter>
    </ClInclude>
    <ClInclude Include="CreditsScreen.h">
      <Filter>Editor\Screens</Filter>
    </ClInclude>
    <ClInclude Include="HierarchyScreen.h">
      <Filter>Editor\Screens</Filter>
    </ClInclude>
    <ClInclude Include="InspectorScreen.h">
      <Filter>Editor\Screens</Filter>
    </ClInclude>
    <ClInclude Include="MenuScreen.h">
      <Filter>Editor\Screens</Filter>
    </ClInclude>
    <ClInclude Include="ProfilerScreen.h">
      <Filter>Editor\Screens</Filter>
    </ClInclude>
    <ClInclude Include="Resource.h">
      <Filter>GameEngine\GraphicsEngine\ResourceManager</Filter>
    </ClInclude>
    <ClInclude Include="ResourceManager.h">
      <Filter>GameEngine\GraphicsEngine\ResourceManager</Filter>
    </ClInclude>
    <ClInclude Include="Texture.h">
      <Filter>GameEngine\GraphicsEngine\ResourceManager\TextureManager</Filter>
    </ClInclude>
    <ClInclude Include="TextureManager.h">
      <Filter>GameEngine\GraphicsEngine\ResourceManager\TextureManager</Filter>
    </ClInclude>
    <ClInclude Include="CameraManager.h">
      <Filter>GameEngine\Camera</Filter>
    </ClInclude>
    <ClInclude Include="GameObject.h">
      <Filter>GameEngine\Hierarchy</Filter>
    </ClInclude>
    <ClInclude Include="RenderTexture.h">
      <Filter>GameEngine\GraphicsEngine\ResourceManager\TextureManager</Filter>
    </ClInclude>
    <ClInclude Include="ToolsScreen.h">
      <Filter>Editor\Screens</Filter>
    </ClInclude>
    <ClInclude Include="ViewportScreen.h">
      <Filter>Editor\Screens\Viewport</Filter>
    </ClInclude>
    <ClInclude Include="ViewportManager.h">
      <Filter>Editor\Screens\Viewport</Filter>
    </ClInclude>
    <ClInclude Include="TexturedCube.h">
      <Filter>GameEngine\Primitives\TexturedCube</Filter>
    </ClInclude>
    <ClInclude Include="TexturedVertexBuffer.h">
      <Filter>GameEngine\GraphicsEngine\RenderSystem\VertexBuffer</Filter>
    </ClInclude>
    <ClInclude Include="ShaderLibrary.h">
      <Filter>GameEngine\GraphicsEngine\ShaderLibrary</Filter>
    </ClInclude>
    <ClInclude Include="MeshManager.h">
      <Filter>GameEngine\GraphicsEngine\ResourceManager\MeshManager</Filter>
    </ClInclude>
    <ClInclude Include="Mesh.h">
      <Filter>GameEngine\GraphicsEngine\ResourceManager\MeshManager</Filter>
    </ClInclude>
    <ClInclude Include="VertexMesh.h">
      <Filter>GameEngine\Math</Filter>
    </ClInclude>
    <ClInclude Include="Teapot.h">
      <Filter>GameEngine\Primitives\MeshObject\Teapot</Filter>
    </ClInclude>
    <ClInclude Include="Bunny.h">
      <Filter>GameEngine\Primitives\MeshObject\Bunny</Filter>
    </ClInclude>
    <ClInclude Include="Armadillo.h">
      <Filter>GameEngine\Primitives\MeshObject\Armadillo</Filter>
    </ClInclude>
    <ClInclude Include="AComponent.h">
      <Filter>GameEngine\ComponentSystem</Filter>
    </ClInclude>
    <ClInclude Include="BaseComponentSystem.h">
      <Filter>GameEngine\ComponentSystem</Filter>
    </ClInclude>
    <ClInclude Include="PhysicsComponent.h">
      <Filter>GameEngine\ComponentSystem\PhysicsSystem</Filter>
    </ClInclude>
    <ClInclude Include="PhysicsSystem.h">
      <Filter>GameEngine\ComponentSystem\PhysicsSystem</Filter>
    </ClInclude>
    <ClInclude Include="MeshObject.h">
      <Filter>GameEngine\Primitives\MeshObject</Filter>
    </ClInclude>
    <ClInclude Include="EngineBackend.h">
      <Filter>GameEngine\Backend</Filter>
    </ClInclude>
    <ClInclude Include="EditorAction.h">
      <Filter>GameEngine\Backend</Filter>
    </ClInclude>
    <ClInclude Include="ActionHistory.h">
      <Filter>GameEngine\Backend</Filter>
    </ClInclude>
    <ClInclude Include="PlaybackScreen.h">
      <Filter>Editor\Screens</Filter>
    </ClInclude>
  </ItemGroup>
  <ItemGroup>
    <FxCompile Include="BasePixelShader.hlsl">
      <Filter>GameEngine\Shaders</Filter>
    </FxCompile>
    <FxCompile Include="BaseVertexShader.hlsl">
      <Filter>GameEngine\Shaders</Filter>
    </FxCompile>
    <FxCompile Include="TexturedPixelShader.hlsl">
      <Filter>GameEngine\Shaders</Filter>
    </FxCompile>
    <FxCompile Include="TexturedVertexShader.hlsl">
      <Filter>GameEngine\Shaders</Filter>
    </FxCompile>
    <FxCompile Include="VertexMeshLayoutShader.hlsl">
      <Filter>GameEngine\Shaders</Filter>
    </FxCompile>
  </ItemGroup>
</Project>